
Microsoft Visual Studio Solution File, Format Version 12.00
# Visual Studio Version 17
VisualStudioVersion = 17.8.34330.188
MinimumVisualStudioVersion = 10.0.40219.1
Project("{FAE04EC0-301F-11D3-BF4B-00C04F79EFBC}") = "Ecommerce", "Ecommerce\Ecommerce.csproj", "{56948851-2364-47C7-BC5B-B0B51533683F}"
EndProject
Global
	GlobalSection(SolutionConfigurationPlatforms) = preSolution
		Debug|Any CPU = Debug|Any CPU
		Release|Any CPU = Release|Any CPU
	EndGlobalSection
	GlobalSection(ProjectConfigurationPlatforms) = postSolution
		{56948851-2364-47C7-BC5B-B0B51533683F}.Debug|Any CPU.ActiveCfg = Debug|Any CPU
		{56948851-2364-47C7-BC5B-B0B51533683F}.Debug|Any CPU.Build.0 = Debug|Any CPU
		{56948851-2364-47C7-BC5B-B0B51533683F}.Release|Any CPU.ActiveCfg = Release|Any CPU
		{56948851-2364-47C7-BC5B-B0B51533683F}.Release|Any CPU.Build.0 = Release|Any CPU
	EndGlobalSection
	GlobalSection(SolutionProperties) = preSolution
		HideSolutionNode = FALSE
	EndGlobalSection
	GlobalSection(ExtensibilityGlobals) = postSolution
		SolutionGuid = {14C394DD-F25D-41CA-A40E-32A362FD4229}
	EndGlobalSection
EndGlobal
